
Microsoft Visual Studio Solution File, Format Version 12.00
# Visual Studio 15
VisualStudioVersion = 15.0.28010.2048
MinimumVisualStudioVersion = 10.0.40219.1
Project("{9A19103F-16F7-4668-BE54-9A1E7A4F7556}") = "happy-birthday-world.api", "happy-birthday-world.api.csproj", "{C2C67490-5A67-40B1-BBC9-76B76BF169A9}"
EndProject
Global
	GlobalSection(SolutionConfigurationPlatforms) = preSolution
		Debug|Any CPU = Debug|Any CPU
		Release|Any CPU = Release|Any CPU
	EndGlobalSection
	GlobalSection(ProjectConfigurationPlatforms) = postSolution
		{C2C67490-5A67-40B1-BBC9-76B76BF169A9}.Debug|Any CPU.ActiveCfg = Debug|Any CPU
		{C2C67490-5A67-40B1-BBC9-76B76BF169A9}.Debug|Any CPU.Build.0 = Debug|Any CPU
		{C2C67490-5A67-40B1-BBC9-76B76BF169A9}.Release|Any CPU.ActiveCfg = Release|Any CPU
		{C2C67490-5A67-40B1-BBC9-76B76BF169A9}.Release|Any CPU.Build.0 = Release|Any CPU
	EndGlobalSection
	GlobalSection(SolutionProperties) = preSolution
		HideSolutionNode = FALSE
	EndGlobalSection
	GlobalSection(ExtensibilityGlobals) = postSolution
		SolutionGuid = {F05C9525-F8FA-4D0C-A33D-05052B6E821C}
	EndGlobalSection
EndGlobal
